
Microsoft Visual Studio Solution File, Format Version 12.00
# Visual Studio 14
VisualStudioVersion = 14.0.25123.0
MinimumVisualStudioVersion = 10.0.40219.1
Project("{FAE04EC0-301F-11D3-BF4B-00C04F79EFBC}") = "TwilioBarista.Web", "TwilioBarista.Web\TwilioBarista.Web.csproj", "{68CD8815-F809-4AE9-8A46-B1CF2A85BF3A}"
	ProjectSection(ProjectDependencies) = postProject
		{B06C6D53-49B6-49FE-8B94-8A2D65F41823} = {B06C6D53-49B6-49FE-8B94-8A2D65F41823}
		{5E17E777-8F0A-489A-B5FB-512A5BC23C18} = {5E17E777-8F0A-489A-B5FB-512A5BC23C18}
	EndProjectSection
EndProject
Project("{FAE04EC0-301F-11D3-BF4B-00C04F79EFBC}") = "TwilioBarista.Core", "TwilioBarista.Core\TwilioBarista.Core.csproj", "{5E17E777-8F0A-489A-B5FB-512A5BC23C18}"
EndProject
Project("{FAE04EC0-301F-11D3-BF4B-00C04F79EFBC}") = "TwilioBarista.Repository", "TwilioBarista.Repository\TwilioBarista.Repository.csproj", "{B06C6D53-49B6-49FE-8B94-8A2D65F41823}"
	ProjectSection(ProjectDependencies) = postProject
		{5E17E777-8F0A-489A-B5FB-512A5BC23C18} = {5E17E777-8F0A-489A-B5FB-512A5BC23C18}
	EndProjectSection
EndProject
Project("{FAE04EC0-301F-11D3-BF4B-00C04F79EFBC}") = "TwilioBarista.Web.Tests", "TwilioBarista.Web.Tests\TwilioBarista.Web.Tests.csproj", "{ABDCBA43-6760-4477-973A-AF9060692B0C}"
EndProject
Global
	GlobalSection(SolutionConfigurationPlatforms) = preSolution
		Debug|Any CPU = Debug|Any CPU
		Release|Any CPU = Release|Any CPU
	EndGlobalSection
	GlobalSection(ProjectConfigurationPlatforms) = postSolution
		{68CD8815-F809-4AE9-8A46-B1CF2A85BF3A}.Debug|Any CPU.ActiveCfg = Debug|Any CPU
		{68CD8815-F809-4AE9-8A46-B1CF2A85BF3A}.Debug|Any CPU.Build.0 = Debug|Any CPU
		{68CD8815-F809-4AE9-8A46-B1CF2A85BF3A}.Release|Any CPU.ActiveCfg = Release|Any CPU
		{68CD8815-F809-4AE9-8A46-B1CF2A85BF3A}.Release|Any CPU.Build.0 = Release|Any CPU
		{5E17E777-8F0A-489A-B5FB-512A5BC23C18}.Debug|Any CPU.ActiveCfg = Debug|Any CPU
		{5E17E777-8F0A-489A-B5FB-512A5BC23C18}.Debug|Any CPU.Build.0 = Debug|Any CPU
		{5E17E777-8F0A-489A-B5FB-512A5BC23C18}.Release|Any CPU.ActiveCfg = Release|Any CPU
		{5E17E777-8F0A-489A-B5FB-512A5BC23C18}.Release|Any CPU.Build.0 = Release|Any CPU
		{B06C6D53-49B6-49FE-8B94-8A2D65F41823}.Debug|Any CPU.ActiveCfg = Debug|Any CPU
		{B06C6D53-49B6-49FE-8B94-8A2D65F41823}.Debug|Any CPU.Build.0 = Debug|Any CPU
		{B06C6D53-49B6-49FE-8B94-8A2D65F41823}.Release|Any CPU.ActiveCfg = Release|Any CPU
		{B06C6D53-49B6-49FE-8B94-8A2D65F41823}.Release|Any CPU.Build.0 = Release|Any CPU
		{ABDCBA43-6760-4477-973A-AF9060692B0C}.Debug|Any CPU.ActiveCfg = Debug|Any CPU
		{ABDCBA43-6760-4477-973A-AF9060692B0C}.Debug|Any CPU.Build.0 = Debug|Any CPU
		{ABDCBA43-6760-4477-973A-AF9060692B0C}.Release|Any CPU.ActiveCfg = Release|Any CPU
		{ABDCBA43-6760-4477-973A-AF9060692B0C}.Release|Any CPU.Build.0 = Release|Any CPU
	EndGlobalSection
	GlobalSection(SolutionProperties) = preSolution
		HideSolutionNode = FALSE
	EndGlobalSection
EndGlobal
